
Microsoft Visual Studio Solution File, Format Version 12.00
# Visual Studio Version 16
VisualStudioVersion = 16.0.31129.286
MinimumVisualStudioVersion = 10.0.40219.1
Project("{FAE04EC0-301F-11D3-BF4B-00C04F79EFBC}") = "spechElements", "spechElements\spechElements.csproj", "{5011371C-0A47-484D-B819-05E78C76A5AF}"
EndProject
Global
	GlobalSection(SolutionConfigurationPlatforms) = preSolution
		Debug|Any CPU = Debug|Any CPU
		Release|Any CPU = Release|Any CPU
	EndGlobalSection
	GlobalSection(ProjectConfigurationPlatforms) = postSolution
		{5011371C-0A47-484D-B819-05E78C76A5AF}.Debug|Any CPU.ActiveCfg = Debug|Any CPU
		{5011371C-0A47-484D-B819-05E78C76A5AF}.Debug|Any CPU.Build.0 = Debug|Any CPU
		{5011371C-0A47-484D-B819-05E78C76A5AF}.Release|Any CPU.ActiveCfg = Release|Any CPU
		{5011371C-0A47-484D-B819-05E78C76A5AF}.Release|Any CPU.Build.0 = Release|Any CPU
	EndGlobalSection
	GlobalSection(SolutionProperties) = preSolution
		HideSolutionNode = FALSE
	EndGlobalSection
	GlobalSection(ExtensibilityGlobals) = postSolution
		SolutionGuid = {4489CED3-903E-416D-929A-BAE96E28A3F9}
	EndGlobalSection
EndGlobal
